
Microsoft Visual Studio Solution File, Format Version 12.00
# Visual Studio Version 17
VisualStudioVersion = 17.7.34202.233
MinimumVisualStudioVersion = 10.0.40219.1
Project("{FAE04EC0-301F-11D3-BF4B-00C04F79EFBC}") = "Metotlar", "Metotlar\Metotlar.csproj", "{C77869EB-5BE4-4B32-8705-1F6F47DBC3CF}"
EndProject
Project("{FAE04EC0-301F-11D3-BF4B-00C04F79EFBC}") = "Matematik", "Matematik\Matematik.csproj", "{42EF386C-68B3-41BC-BAE2-22349DCDDA3E}"
EndProject
Project("{FAE04EC0-301F-11D3-BF4B-00C04F79EFBC}") = "DegerVeReferansTipler", "DegerVeReferansTipler\DegerVeReferansTipler.csproj", "{70BA63D1-1D5D-40FA-8D5D-03016A403809}"
EndProject
Project("{FAE04EC0-301F-11D3-BF4B-00C04F79EFBC}") = "OOP1", "OOP1\OOP1.csproj", "{253EA965-1CBC-49E8-A4A4-153F4C3CC21B}"
EndProject
Project("{FAE04EC0-301F-11D3-BF4B-00C04F79EFBC}") = "Koleksiyonlar", "Koleksiyonlar\Koleksiyonlar.csproj", "{A29D2881-567C-4B3B-A7B5-F85CC11C1DB9}"
EndProject
Project("{FAE04EC0-301F-11D3-BF4B-00C04F79EFBC}") = "GenericsIntro", "GenericsIntro\GenericsIntro.csproj", "{0764C32F-8B17-40C5-A7C2-30A463ADC950}"
EndProject
Project("{FAE04EC0-301F-11D3-BF4B-00C04F79EFBC}") = "OOP2", "OOP2\OOP2.csproj", "{C2EDBC65-FEF0-46F1-BCB8-8756011BDB61}"
EndProject
Project("{FAE04EC0-301F-11D3-BF4B-00C04F79EFBC}") = "OOP3", "OOP3\OOP3.csproj", "{4B830B17-88C5-4921-8D31-B637F32E1F88}"
EndProject
Global
	GlobalSection(SolutionConfigurationPlatforms) = preSolution
		Debug|Any CPU = Debug|Any CPU
		Release|Any CPU = Release|Any CPU
	EndGlobalSection
	GlobalSection(ProjectConfigurationPlatforms) = postSolution
		{C77869EB-5BE4-4B32-8705-1F6F47DBC3CF}.Debug|Any CPU.ActiveCfg = Debug|Any CPU
		{C77869EB-5BE4-4B32-8705-1F6F47DBC3CF}.Debug|Any CPU.Build.0 = Debug|Any CPU
		{C77869EB-5BE4-4B32-8705-1F6F47DBC3CF}.Release|Any CPU.ActiveCfg = Release|Any CPU
		{C77869EB-5BE4-4B32-8705-1F6F47DBC3CF}.Release|Any CPU.Build.0 = Release|Any CPU
		{42EF386C-68B3-41BC-BAE2-22349DCDDA3E}.Debug|Any CPU.ActiveCfg = Debug|Any CPU
		{42EF386C-68B3-41BC-BAE2-22349DCDDA3E}.Debug|Any CPU.Build.0 = Debug|Any CPU
		{42EF386C-68B3-41BC-BAE2-22349DCDDA3E}.Release|Any CPU.ActiveCfg = Release|Any CPU
		{42EF386C-68B3-41BC-BAE2-22349DCDDA3E}.Release|Any CPU.Build.0 = Release|Any CPU
		{70BA63D1-1D5D-40FA-8D5D-03016A403809}.Debug|Any CPU.ActiveCfg = Debug|Any CPU
		{70BA63D1-1D5D-40FA-8D5D-03016A403809}.Debug|Any CPU.Build.0 = Debug|Any CPU
		{70BA63D1-1D5D-40FA-8D5D-03016A403809}.Release|Any CPU.ActiveCfg = Release|Any CPU
		{70BA63D1-1D5D-40FA-8D5D-03016A403809}.Release|Any CPU.Build.0 = Release|Any CPU
		{253EA965-1CBC-49E8-A4A4-153F4C3CC21B}.Debug|Any CPU.ActiveCfg = Debug|Any CPU
		{253EA965-1CBC-49E8-A4A4-153F4C3CC21B}.Debug|Any CPU.Build.0 = Debug|Any CPU
		{253EA965-1CBC-49E8-A4A4-153F4C3CC21B}.Release|Any CPU.ActiveCfg = Release|Any CPU
		{253EA965-1CBC-49E8-A4A4-153F4C3CC21B}.Release|Any CPU.Build.0 = Release|Any CPU
		{A29D2881-567C-4B3B-A7B5-F85CC11C1DB9}.Debug|Any CPU.ActiveCfg = Debug|Any CPU
		{A29D2881-567C-4B3B-A7B5-F85CC11C1DB9}.Debug|Any CPU.Build.0 = Debug|Any CPU
		{A29D2881-567C-4B3B-A7B5-F85CC11C1DB9}.Release|Any CPU.ActiveCfg = Release|Any CPU
		{A29D2881-567C-4B3B-A7B5-F85CC11C1DB9}.Release|Any CPU.Build.0 = Release|Any CPU
		{0764C32F-8B17-40C5-A7C2-30A463ADC950}.Debug|Any CPU.ActiveCfg = Debug|Any CPU
		{0764C32F-8B17-40C5-A7C2-30A463ADC950}.Debug|Any CPU.Build.0 = Debug|Any CPU
		{0764C32F-8B17-40C5-A7C2-30A463ADC950}.Release|Any CPU.ActiveCfg = Release|Any CPU
		{0764C32F-8B17-40C5-A7C2-30A463ADC950}.Release|Any CPU.Build.0 = Release|Any CPU
		{C2EDBC65-FEF0-46F1-BCB8-8756011BDB61}.Debug|Any CPU.ActiveCfg = Debug|Any CPU
		{C2EDBC65-FEF0-46F1-BCB8-8756011BDB61}.Debug|Any CPU.Build.0 = Debug|Any CPU
		{C2EDBC65-FEF0-46F1-BCB8-8756011BDB61}.Release|Any CPU.ActiveCfg = Release|Any CPU
		{C2EDBC65-FEF0-46F1-BCB8-8756011BDB61}.Release|Any CPU.Build.0 = Release|Any CPU
		{4B830B17-88C5-4921-8D31-B637F32E1F88}.Debug|Any CPU.ActiveCfg = Debug|Any CPU
		{4B830B17-88C5-4921-8D31-B637F32E1F88}.Debug|Any CPU.Build.0 = Debug|Any CPU
		{4B830B17-88C5-4921-8D31-B637F32E1F88}.Release|Any CPU.ActiveCfg = Release|Any CPU
		{4B830B17-88C5-4921-8D31-B637F32E1F88}.Release|Any CPU.Build.0 = Release|Any CPU
	EndGlobalSection
	GlobalSection(SolutionProperties) = preSolution
		HideSolutionNode = FALSE
	EndGlobalSection
	GlobalSection(ExtensibilityGlobals) = postSolution
		SolutionGuid = {D09160CA-04FB-44CC-9813-7ACD9854370B}
	EndGlobalSection
EndGlobal
